
Microsoft Visual Studio Solution File, Format Version 12.00
# Visual Studio Version 17
VisualStudioVersion = 17.3.32929.385
MinimumVisualStudioVersion = 10.0.40219.1
Project("{FAE04EC0-301F-11D3-BF4B-00C04F79EFBC}") = "Library", "Library\Library.csproj", "{D3414B19-E900-49E5-A5CD-F7080BF5978E}"
EndProject
Global
	GlobalSection(SolutionConfigurationPlatforms) = preSolution
		Debug|Any CPU = Debug|Any CPU
		Release|Any CPU = Release|Any CPU
	EndGlobalSection
	GlobalSection(ProjectConfigurationPlatforms) = postSolution
		{D3414B19-E900-49E5-A5CD-F7080BF5978E}.Debug|Any CPU.ActiveCfg = Debug|Any CPU
		{D3414B19-E900-49E5-A5CD-F7080BF5978E}.Debug|Any CPU.Build.0 = Debug|Any CPU
		{D3414B19-E900-49E5-A5CD-F7080BF5978E}.Release|Any CPU.ActiveCfg = Release|Any CPU
		{D3414B19-E900-49E5-A5CD-F7080BF5978E}.Release|Any CPU.Build.0 = Release|Any CPU
	EndGlobalSection
	GlobalSection(SolutionProperties) = preSolution
		HideSolutionNode = FALSE
	EndGlobalSection
	GlobalSection(ExtensibilityGlobals) = postSolution
		SolutionGuid = {916F4BD5-85F1-4BBD-BFAB-6CBDDA22A439}
	EndGlobalSection
EndGlobal
